
Microsoft Visual Studio Solution File, Format Version 12.00
# Visual Studio 15
VisualStudioVersion = 15.0.28010.2016
MinimumVisualStudioVersion = 10.0.40219.1
Project("{FAE04EC0-301F-11D3-BF4B-00C04F79EFBC}") = "Kurs", "Kurs\Kurs.csproj", "{C44C9E4B-D89C-45CC-AD69-B574280EB835}"
EndProject
Global
	GlobalSection(SolutionConfigurationPlatforms) = preSolution
		Debug|Any CPU = Debug|Any CPU
		Release|Any CPU = Release|Any CPU
	EndGlobalSection
	GlobalSection(ProjectConfigurationPlatforms) = postSolution
		{C44C9E4B-D89C-45CC-AD69-B574280EB835}.Debug|Any CPU.ActiveCfg = Debug|Any CPU
		{C44C9E4B-D89C-45CC-AD69-B574280EB835}.Debug|Any CPU.Build.0 = Debug|Any CPU
		{C44C9E4B-D89C-45CC-AD69-B574280EB835}.Release|Any CPU.ActiveCfg = Release|Any CPU
		{C44C9E4B-D89C-45CC-AD69-B574280EB835}.Release|Any CPU.Build.0 = Release|Any CPU
	EndGlobalSection
	GlobalSection(SolutionProperties) = preSolution
		HideSolutionNode = FALSE
	EndGlobalSection
	GlobalSection(ExtensibilityGlobals) = postSolution
		SolutionGuid = {6F093A19-AC6B-482D-B3B9-AEC08CE3CD0A}
	EndGlobalSection
EndGlobal
